
Microsoft Visual Studio Solution File, Format Version 12.00
# Visual Studio Version 17
VisualStudioVersion = 17.3.32929.385
MinimumVisualStudioVersion = 10.0.40219.1
Project("{888888A0-9F3D-457C-B088-3A5042F75D52}") = "Laborator 8.2", "Laborator 8.2\Laborator 8.2.pyproj", "{DC823E4B-D39C-4160-AF4A-1603B3272DE4}"
EndProject
Global
	GlobalSection(SolutionConfigurationPlatforms) = preSolution
		Debug|Any CPU = Debug|Any CPU
		Release|Any CPU = Release|Any CPU
	EndGlobalSection
	GlobalSection(ProjectConfigurationPlatforms) = postSolution
		{DC823E4B-D39C-4160-AF4A-1603B3272DE4}.Debug|Any CPU.ActiveCfg = Debug|Any CPU
		{DC823E4B-D39C-4160-AF4A-1603B3272DE4}.Release|Any CPU.ActiveCfg = Release|Any CPU
	EndGlobalSection
	GlobalSection(SolutionProperties) = preSolution
		HideSolutionNode = FALSE
	EndGlobalSection
	GlobalSection(ExtensibilityGlobals) = postSolution
		SolutionGuid = {DA7BC773-252F-4DB2-AE13-82CBC6793BEC}
	EndGlobalSection
EndGlobal
