
Microsoft Visual Studio Solution File, Format Version 12.00
# Visual Studio Version 17
VisualStudioVersion = 17.3.32929.385
MinimumVisualStudioVersion = 10.0.40219.1
Project("{888888A0-9F3D-457C-B088-3A5042F75D52}") = "Laborator 8", "Laborator 8\Laborator 8.pyproj", "{970D3A5A-33AF-43DF-BC66-E91E3ECA8E3D}"
EndProject
Global
	GlobalSection(SolutionConfigurationPlatforms) = preSolution
		Debug|Any CPU = Debug|Any CPU
		Release|Any CPU = Release|Any CPU
	EndGlobalSection
	GlobalSection(ProjectConfigurationPlatforms) = postSolution
		{970D3A5A-33AF-43DF-BC66-E91E3ECA8E3D}.Debug|Any CPU.ActiveCfg = Debug|Any CPU
		{970D3A5A-33AF-43DF-BC66-E91E3ECA8E3D}.Release|Any CPU.ActiveCfg = Release|Any CPU
	EndGlobalSection
	GlobalSection(SolutionProperties) = preSolution
		HideSolutionNode = FALSE
	EndGlobalSection
	GlobalSection(ExtensibilityGlobals) = postSolution
		SolutionGuid = {26411036-D119-4B1B-8FAA-74BE5B1CA591}
	EndGlobalSection
EndGlobal
